
Microsoft Visual Studio Solution File, Format Version 12.00
# Visual Studio Version 17
VisualStudioVersion = 17.14.37614.0 d17.14
MinimumVisualStudioVersion = 10.0.40219.1
Project("{FAE04EC0-301F-11D3-BF4B-00C04F79EFBC}") = "DTB_lesson02", "DTB_lesson02\DTB_lesson02.csproj", "{75AA4725-716C-4598-9467-12689C111DB6}"
EndProject
Global
	GlobalSection(SolutionConfigurationPlatforms) = preSolution
		Debug|Any CPU = Debug|Any CPU
		Release|Any CPU = Release|Any CPU
	EndGlobalSection
	GlobalSection(ProjectConfigurationPlatforms) = postSolution
		{75AA4725-716C-4598-9467-12689C111DB6}.Debug|Any CPU.ActiveCfg = Debug|Any CPU
		{75AA4725-716C-4598-9467-12689C111DB6}.Debug|Any CPU.Build.0 = Debug|Any CPU
		{75AA4725-716C-4598-9467-12689C111DB6}.Release|Any CPU.ActiveCfg = Release|Any CPU
		{75AA4725-716C-4598-9467-12689C111DB6}.Release|Any CPU.Build.0 = Release|Any CPU
	EndGlobalSection
	GlobalSection(SolutionProperties) = preSolution
		HideSolutionNode = FALSE
	EndGlobalSection
	GlobalSection(ExtensibilityGlobals) = postSolution
		SolutionGuid = {4CB1C970-38E7-41DE-888A-27BE8AFF0FA4}
	EndGlobalSection
EndGlobal
