
Microsoft Visual Studio Solution File, Format Version 12.00
# Visual Studio Version 17
VisualStudioVersion = 17.14.37614.0 d17.14
MinimumVisualStudioVersion = 10.0.40219.1
Project("{FAE04EC0-301F-11D3-BF4B-00C04F79EFBC}") = "Labguide03", "Labguide03\Labguide03.csproj", "{6A57C247-E250-4D9B-87A3-03CFBDF7F446}"
EndProject
Global
	GlobalSection(SolutionConfigurationPlatforms) = preSolution
		Debug|Any CPU = Debug|Any CPU
		Release|Any CPU = Release|Any CPU
	EndGlobalSection
	GlobalSection(ProjectConfigurationPlatforms) = postSolution
		{6A57C247-E250-4D9B-87A3-03CFBDF7F446}.Debug|Any CPU.ActiveCfg = Debug|Any CPU
		{6A57C247-E250-4D9B-87A3-03CFBDF7F446}.Debug|Any CPU.Build.0 = Debug|Any CPU
		{6A57C247-E250-4D9B-87A3-03CFBDF7F446}.Release|Any CPU.ActiveCfg = Release|Any CPU
		{6A57C247-E250-4D9B-87A3-03CFBDF7F446}.Release|Any CPU.Build.0 = Release|Any CPU
	EndGlobalSection
	GlobalSection(SolutionProperties) = preSolution
		HideSolutionNode = FALSE
	EndGlobalSection
	GlobalSection(ExtensibilityGlobals) = postSolution
		SolutionGuid = {94016B72-8673-46BB-A9C8-2952296E4A52}
	EndGlobalSection
EndGlobal
