
Microsoft Visual Studio Solution File, Format Version 12.00
# Visual Studio Version 17
VisualStudioVersion = 17.14.37614.0 d17.14
MinimumVisualStudioVersion = 10.0.40219.1
Project("{FAE04EC0-301F-11D3-BF4B-00C04F79EFBC}") = "WebAppMVC", "WebAppMVC\WebAppMVC.csproj", "{49D32F0C-75C9-4C73-8863-A818F14A3821}"
EndProject
Global
	GlobalSection(SolutionConfigurationPlatforms) = preSolution
		Debug|Any CPU = Debug|Any CPU
		Release|Any CPU = Release|Any CPU
	EndGlobalSection
	GlobalSection(ProjectConfigurationPlatforms) = postSolution
		{49D32F0C-75C9-4C73-8863-A818F14A3821}.Debug|Any CPU.ActiveCfg = Debug|Any CPU
		{49D32F0C-75C9-4C73-8863-A818F14A3821}.Debug|Any CPU.Build.0 = Debug|Any CPU
		{49D32F0C-75C9-4C73-8863-A818F14A3821}.Release|Any CPU.ActiveCfg = Release|Any CPU
		{49D32F0C-75C9-4C73-8863-A818F14A3821}.Release|Any CPU.Build.0 = Release|Any CPU
	EndGlobalSection
	GlobalSection(SolutionProperties) = preSolution
		HideSolutionNode = FALSE
	EndGlobalSection
	GlobalSection(ExtensibilityGlobals) = postSolution
		SolutionGuid = {C4C41F91-F2DE-454A-A215-999A2F1AD93C}
	EndGlobalSection
EndGlobal
